// !$*UTF8*$!
{
	archiveVersion = 1;
	classes = {
	};
	objectVersion = 52;
	objects = {

/* Begin PBXBuildFile section */
		9F3B7731263B58230033D03E /* DeviceKit in Frameworks */ = {isa = PBXBuildFile; productRef = 9F3B7730263B58230033D03E /* DeviceKit */; };
		9FF210E2263B5750004F8A84 /* DeviceKit_TestApp.swift in Sources */ = {isa = PBXBuildFile; fileRef = 9FF210E1263B5750004F8A84 /* DeviceKit_TestApp.swift */; };
		9FF210E4263B5750004F8A84 /* ContentView.swift in Sources */ = {isa = PBXBuildFile; fileRef = 9FF210E3263B5750004F8A84 /* ContentView.swift */; };
		9FF210E6263B5751004F8A84 /* Assets.xcassets in Resources */ = {isa = PBXBuildFile; fileRef = 9FF210E5263B5751004F8A84 /* Assets.xcassets */; };
		9FF210E9263B5751004F8A84 /* Preview Assets.xcassets in Resources */ = {isa = PBXBuildFile; fileRef = 9FF210E8263B5751004F8A84 /* Preview Assets.xcassets */; };
		9FF210F4263B5751004F8A84 /* DeviceKit_TestTests.swift in Sources */ = {isa = PBXBuildFile; fileRef = 9FF210F3263B5751004F8A84 /* DeviceKit_TestTests.swift */; };
		9FF210FF263B5751004F8A84 /* DeviceKit_TestUITests.swift in Sources */ = {isa = PBXBuildFile; fileRef = 9FF210FE263B5751004F8A84 /* DeviceKit_TestUITests.swift */; };
/* End PBXBuildFile section */

/* Begin PBXContainerItemProxy section */
		9FF210F0263B5751004F8A84 /* PBXContainerItemProxy */ = {
			isa = PBXContainerItemProxy;
			containerPortal = 9FF210D6263B5750004F8A84 /* Project object */;
			proxyType = 1;
			remoteGlobalIDString = 9FF210DD263B5750004F8A84;
			remoteInfo = "DeviceKit-Test";
		};
		9FF210FB263B5751004F8A84 /* PBXContainerItemProxy */ = {
			isa = PBXContainerItemProxy;
			containerPortal = 9FF210D6263B5750004F8A84 /* Project object */;
			proxyType = 1;
			remoteGlobalIDString = 9FF210DD263B5750004F8A84;
			remoteInfo = "DeviceKit-Test";
		};
/* End PBXContainerItemProxy section */

/* Begin PBXFileReference section */
		9F3B7732263B59490033D03E /* DeviceKit-Test.xctestplan */ = {isa = PBXFileReference; lastKnownFileType = text; path = "DeviceKit-Test.xctestplan"; sourceTree = "<group>"; };
		9FF210DE263B5750004F8A84 /* DeviceKit-Test.app */ = {isa = PBXFileReference; explicitFileType = wrapper.application; includeInIndex = 0; path = "DeviceKit-Test.app"; sourceTree = BUILT_PRODUCTS_DIR; };
		9FF210E1263B5750004F8A84 /* DeviceKit_TestApp.swift */ = {isa = PBXFileReference; lastKnownFileType = sourcecode.swift; path = DeviceKit_TestApp.swift; sourceTree = "<group>"; };
		9FF210E3263B5750004F8A84 /* ContentView.swift */ = {isa = PBXFileReference; lastKnownFileType = sourcecode.swift; path = ContentView.swift; sourceTree = "<group>"; };
		9FF210E5263B5751004F8A84 /* Assets.xcassets */ = {isa = PBXFileReference; lastKnownFileType = folder.assetcatalog; path = Assets.xcassets; sourceTree = "<group>"; };
		9FF210E8263B5751004F8A84 /* Preview Assets.xcassets */ = {isa = PBXFileReference; lastKnownFileType = folder.assetcatalog; path = "Preview Assets.xcassets"; sourceTree = "<group>"; };
		9FF210EA263B5751004F8A84 /* Info.plist */ = {isa = PBXFileReference; lastKnownFileType = text.plist.xml; path = Info.plist; sourceTree = "<group>"; };
		9FF210EF263B5751004F8A84 /* DeviceKit-TestTests.xctest */ = {isa = PBXFileReference; explicitFileType = wrapper.cfbundle; includeInIndex = 0; path = "DeviceKit-TestTests.xctest"; sourceTree = BUILT_PRODUCTS_DIR; };
		9FF210F3263B5751004F8A84 /* DeviceKit_TestTests.swift */ = {isa = PBXFileReference; lastKnownFileType = sourcecode.swift; path = DeviceKit_TestTests.swift; sourceTree = "<group>"; };
		9FF210F5263B5751004F8A84 /* Info.plist */ = {isa = PBXFileReference; lastKnownFileType = text.plist.xml; path = Info.plist; sourceTree = "<group>"; };
		9FF210FA263B5751004F8A84 /* DeviceKit-TestUITests.xctest */ = {isa = PBXFileReference; explicitFileType = wrapper.cfbundle; includeInIndex = 0; path = "DeviceKit-TestUITests.xctest"; sourceTree = BUILT_PRODUCTS_DIR; };
		9FF210FE263B5751004F8A84 /* DeviceKit_TestUITests.swift */ = {isa = PBXFileReference; lastKnownFileType = sourcecode.swift; path = DeviceKit_TestUITests.swift; sourceTree = "<group>"; };
		9FF21100263B5751004F8A84 /* Info.plist */ = {isa = PBXFileReference; lastKnownFileType = text.plist.xml; path = Info.plist; sourceTree = "<group>"; };
/* End PBXFileReference section */

/* Begin PBXFrameworksBuildPhase section */
		9FF210DB263B5750004F8A84 /* Frameworks */ = {
			isa = PBXFrameworksBuildPhase;
			buildActionMask = 2147483647;
			files = (
				9F3B7731263B58230033D03E /* DeviceKit in Frameworks */,
			);
			runOnlyForDeploymentPostprocessing = 0;
		};
		9FF210EC263B5751004F8A84 /* Frameworks */ = {
			isa = PBXFrameworksBuildPhase;
			buildActionMask = 2147483647;
			files = (
			);
			runOnlyForDeploymentPostprocessing = 0;
		};
		9FF210F7263B5751004F8A84 /* Frameworks */ = {
			isa = PBXFrameworksBuildPhase;
			buildActionMask = 2147483647;
			files = (
			);
			runOnlyForDeploymentPostprocessing = 0;
		};
/* End PBXFrameworksBuildPhase section */

/* Begin PBXGroup section */
		9FF210D5263B5750004F8A84 = {
			isa = PBXGroup;
			children = (
				9F3B7732263B59490033D03E /* DeviceKit-Test.xctestplan */,
				9FF210E0263B5750004F8A84 /* DeviceKit-Test */,
				9FF210F2263B5751004F8A84 /* DeviceKit-TestTests */,
				9FF210FD263B5751004F8A84 /* DeviceKit-TestUITests */,
				9FF210DF263B5750004F8A84 /* Products */,
			);
			sourceTree = "<group>";
		};
		9FF210DF263B5750004F8A84 /* Products */ = {
			isa = PBXGroup;
			children = (
				9FF210DE263B5750004F8A84 /* DeviceKit-Test.app */,
				9FF210EF263B5751004F8A84 /* DeviceKit-TestTests.xctest */,
				9FF210FA263B5751004F8A84 /* DeviceKit-TestUITests.xctest */,
			);
			name = Products;
			sourceTree = "<group>";
		};
		9FF210E0263B5750004F8A84 /* DeviceKit-Test */ = {
			isa = PBXGroup;
			children = (
				9FF210E1263B5750004F8A84 /* DeviceKit_TestApp.swift */,
				9FF210E3263B5750004F8A84 /* ContentView.swift */,
				9FF210E5263B5751004F8A84 /* Assets.xcassets */,
				9FF210EA263B5751004F8A84 /* Info.plist */,
				9FF210E7263B5751004F8A84 /* Preview Content */,
			);
			path = "DeviceKit-Test";
			sourceTree = "<group>";
		};
		9FF210E7263B5751004F8A84 /* Preview Content */ = {
			isa = PBXGroup;
			children = (
				9FF210E8263B5751004F8A84 /* Preview Assets.xcassets */,
			);
			path = "Preview Content";
			sourceTree = "<group>";
		};
		9FF210F2263B5751004F8A84 /* DeviceKit-TestTests */ = {
			isa = PBXGroup;
			children = (
				9FF210F3263B5751004F8A84 /* DeviceKit_TestTests.swift */,
				9FF210F5263B5751004F8A84 /* Info.plist */,
			);
			path = "DeviceKit-TestTests";
			sourceTree = "<group>";
		};
		9FF210FD263B5751004F8A84 /* DeviceKit-TestUITests */ = {
			isa = PBXGroup;
			children = (
				9FF210FE263B5751004F8A84 /* DeviceKit_TestUITests.swift */,
				9FF21100263B5751004F8A84 /* Info.plist */,
			);
			path = "DeviceKit-TestUITests";
			sourceTree = "<group>";
		};
/* End PBXGroup section */

/* Begin PBXNativeTarget section */
		9FF210DD263B5750004F8A84 /* DeviceKit-Test */ = {
			isa = PBXNativeTarget;
			buildConfigurationList = 9FF21103263B5751004F8A84 /* Build configuration list for PBXNativeTarget "DeviceKit-Test" */;
			buildPhases = (
				9FF210DA263B5750004F8A84 /* Sources */,
				9FF210DB263B5750004F8A84 /* Frameworks */,
				9FF210DC263B5750004F8A84 /* Resources */,
			);
			buildRules = (
			);
			dependencies = (
			);
			name = "DeviceKit-Test";
			packageProductDependencies = (
				9F3B7730263B58230033D03E /* DeviceKit */,
			);
			productName = "DeviceKit-Test";
			productReference = 9FF210DE263B5750004F8A84 /* DeviceKit-Test.app */;
			productType = "com.apple.product-type.application";
		};
		9FF210EE263B5751004F8A84 /* DeviceKit-TestTests */ = {
			isa = PBXNativeTarget;
			buildConfigurationList = 9FF21106263B5751004F8A84 /* Build configuration list for PBXNativeTarget "DeviceKit-TestTests" */;
			buildPhases = (
				9FF210EB263B5751004F8A84 /* Sources */,
				9FF210EC263B5751004F8A84 /* Frameworks */,
				9FF210ED263B5751004F8A84 /* Resources */,
			);
			buildRules = (
			);
			dependencies = (
				9FF210F1263B5751004F8A84 /* PBXTargetDependency */,
			);
			name = "DeviceKit-TestTests";
			productName = "DeviceKit-TestTests";
			productReference = 9FF210EF263B5751004F8A84 /* DeviceKit-TestTests.xctest */;
			productType = "com.apple.product-type.bundle.unit-test";
		};
		9FF210F9263B5751004F8A84 /* DeviceKit-TestUITests */ = {
			isa = PBXNativeTarget;
			buildConfigurationList = 9FF21109263B5751004F8A84 /* Build configuration list for PBXNativeTarget "DeviceKit-TestUITests" */;
			buildPhases = (
				9FF210F6263B5751004F8A84 /* Sources */,
				9FF210F7263B5751004F8A84 /* Frameworks */,
				9FF210F8263B5751004F8A84 /* Resources */,
			);
			buildRules = (
			);
			dependencies = (
				9FF210FC263B5751004F8A84 /* PBXTargetDependency */,
			);
			name = "DeviceKit-TestUITests";
			productName = "DeviceKit-TestUITests";
			productReference = 9FF210FA263B5751004F8A84 /* DeviceKit-TestUITests.xctest */;
			productType = "com.apple.product-type.bundle.ui-testing";
		};
/* End PBXNativeTarget section */

/* Begin PBXProject section */
		9FF210D6263B5750004F8A84 /* Project object */ = {
			isa = PBXProject;
			attributes = {
				LastSwiftUpdateCheck = 1250;
				LastUpgradeCheck = 1250;
				TargetAttributes = {
					9FF210DD263B5750004F8A84 = {
						CreatedOnToolsVersion = 12.5;
					};
					9FF210EE263B5751004F8A84 = {
						CreatedOnToolsVersion = 12.5;
						TestTargetID = 9FF210DD263B5750004F8A84;
					};
					9FF210F9263B5751004F8A84 = {
						CreatedOnToolsVersion = 12.5;
						TestTargetID = 9FF210DD263B5750004F8A84;
					};
				};
			};
			buildConfigurationList = 9FF210D9263B5750004F8A84 /* Build configuration list for PBXProject "DeviceKit-Test" */;
			compatibilityVersion = "Xcode 9.3";
			developmentRegion = en;
			hasScannedForEncodings = 0;
			knownRegions = (
				en,
				Base,
			);
			mainGroup = 9FF210D5263B5750004F8A84;
			packageReferences = (
				9F3B772F263B58230033D03E /* XCRemoteSwiftPackageReference "DeviceKit" */,
			);
			productRefGroup = 9FF210DF263B5750004F8A84 /* Products */;
			projectDirPath = "";
			projectRoot = "";
			targets = (
				9FF210DD263B5750004F8A84 /* DeviceKit-Test */,
				9FF210EE263B5751004F8A84 /* DeviceKit-TestTests */,
				9FF210F9263B5751004F8A84 /* DeviceKit-TestUITests */,
			);
		};
/* End PBXProject section */

/* Begin PBXResourcesBuildPhase section */
		9FF210DC263B5750004F8A84 /* Resources */ = {
			isa = PBXResourcesBuildPhase;
			buildActionMask = 2147483647;
			files = (
				9FF210E9263B5751004F8A84 /* Preview Assets.xcassets in Resources */,
				9FF210E6263B5751004F8A84 /* Assets.xcassets in Resources */,
			);
			runOnlyForDeploymentPostprocessing = 0;
		};
		9FF210ED263B5751004F8A84 /* Resources */ = {
			isa = PBXResourcesBuildPhase;
			buildActionMask = 2147483647;
			files = (
			);
			runOnlyForDeploymentPostprocessing = 0;
		};
		9FF210F8263B5751004F8A84 /* Resources */ = {
			isa = PBXResourcesBuildPhase;
			buildActionMask = 2147483647;
			files = (
			);
			runOnlyForDeploymentPostprocessing = 0;
		};
/* End PBXResourcesBuildPhase section */

/* Begin PBXSourcesBuildPhase section */
		9FF210DA263B5750004F8A84 /* Sources */ = {
			isa = PBXSourcesBuildPhase;
			buildActionMask = 2147483647;
			files = (
				9FF210E4263B5750004F8A84 /* ContentView.swift in Sources */,
				9FF210E2263B5750004F8A84 /* DeviceKit_TestApp.swift in Sources */,
			);
			runOnlyForDeploymentPostprocessing = 0;
		};
		9FF210EB263B5751004F8A84 /* Sources */ = {
			isa = PBXSourcesBuildPhase;
			buildActionMask = 2147483647;
			files = (
				9FF210F4263B5751004F8A84 /* DeviceKit_TestTests.swift in Sources */,
			);
			runOnlyForDeploymentPostprocessing = 0;
		};
		9FF210F6263B5751004F8A84 /* Sources */ = {
			isa = PBXSourcesBuildPhase;
			buildActionMask = 2147483647;
			files = (
				9FF210FF263B5751004F8A84 /* DeviceKit_TestUITests.swift in Sources */,
			);
			runOnlyForDeploymentPostprocessing = 0;
		};
/* End PBXSourcesBuildPhase section */

/* Begin PBXTargetDependency section */
		9FF210F1263B5751004F8A84 /* PBXTargetDependency */ = {
			isa = PBXTargetDependency;
			target = 9FF210DD263B5750004F8A84 /* DeviceKit-Test */;
			targetProxy = 9FF210F0263B5751004F8A84 /* PBXContainerItemProxy */;
		};
		9FF210FC263B5751004F8A84 /* PBXTargetDependency */ = {
			isa = PBXTargetDependency;
			target = 9FF210DD263B5750004F8A84 /* DeviceKit-Test */;
			targetProxy = 9FF210FB263B5751004F8A84 /* PBXContainerItemProxy */;
		};
/* End PBXTargetDependency section */

/* Begin XCBuildConfiguration section */
		9FF21101263B5751004F8A84 /* Debug */ = {
			isa = XCBuildConfiguration;
			buildSettings = {
				ALWAYS_SEARCH_USER_PATHS = NO;
				CLANG_ANALYZER_NONNULL = YES;
				CLANG_ANALYZER_NUMBER_OBJECT_CONVERSION = YES_AGGRESSIVE;
				CLANG_CXX_LANGUAGE_STANDARD = "gnu++14";
				CLANG_CXX_LIBRARY = "libc++";
				CLANG_ENABLE_MODULES = YES;
				CLANG_ENABLE_OBJC_ARC = YES;
				CLANG_ENABLE_OBJC_WEAK = YES;
				CLANG_WARN_BLOCK_CAPTURE_AUTORELEASING = YES;
				CLANG_WARN_BOOL_CONVERSION = YES;
				CLANG_WARN_COMMA = YES;
				CLANG_WARN_CONSTANT_CONVERSION = YES;
				CLANG_WARN_DEPRECATED_OBJC_IMPLEMENTATIONS = YES;
				CLANG_WARN_DIRECT_OBJC_ISA_USAGE = YES_ERROR;
				CLANG_WARN_DOCUMENTATION_COMMENTS = YES;
				CLANG_WARN_EMPTY_BODY = YES;
				CLANG_WARN_ENUM_CONVERSION = YES;
				CLANG_WARN_INFINITE_RECURSION = YES;
				CLANG_WARN_INT_CONVERSION = YES;
				CLANG_WARN_NON_LITERAL_NULL_CONVERSION = YES;
				CLANG_WARN_OBJC_IMPLICIT_RETAIN_SELF = YES;
				CLANG_WARN_OBJC_LITERAL_CONVERSION = YES;
				CLANG_WARN_OBJC_ROOT_CLASS = YES_ERROR;
				CLANG_WARN_QUOTED_INCLUDE_IN_FRAMEWORK_HEADER = YES;
				CLANG_WARN_RANGE_LOOP_ANALYSIS = YES;
				CLANG_WARN_STRICT_PROTOTYPES = YES;
				CLANG_WARN_SUSPICIOUS_MOVE = YES;
				CLANG_WARN_UNGUARDED_AVAILABILITY = YES_AGGRESSIVE;
				CLANG_WARN_UNREACHABLE_CODE = YES;
				CLANG_WARN__DUPLICATE_METHOD_MATCH = YES;
				COPY_PHASE_STRIP = NO;
				DEBUG_INFORMATION_FORMAT = dwarf;
				ENABLE_STRICT_OBJC_MSGSEND = YES;
				ENABLE_TESTABILITY = YES;
				GCC_C_LANGUAGE_STANDARD = gnu11;
				GCC_DYNAMIC_NO_PIC = NO;
				GCC_NO_COMMON_BLOCKS = YES;
				GCC_OPTIMIZATION_LEVEL = 0;
				GCC_PREPROCESSOR_DEFINITIONS = (
					"DEBUG=1",
					"$(inherited)",
				);
				GCC_WARN_64_TO_32_BIT_CONVERSION = YES;
				GCC_WARN_ABOUT_RETURN_TYPE = YES_ERROR;
				GCC_WARN_UNDECLARED_SELECTOR = YES;
				GCC_WARN_UNINITIALIZED_AUTOS = YES_AGGRESSIVE;
				GCC_WARN_UNUSED_FUNCTION = YES;
				GCC_WARN_UNUSED_VARIABLE = YES;
				IPHONEOS_DEPLOYMENT_TARGET = 14.5;
				MTL_ENABLE_DEBUG_INFO = INCLUDE_SOURCE;
				MTL_FAST_MATH = YES;
				ONLY_ACTIVE_ARCH = YES;
				SDKROOT = iphoneos;
				SWIFT_ACTIVE_COMPILATION_CONDITIONS = DEBUG;
				SWIFT_OPTIMIZATION_LEVEL = "-Onone";
			};
			name = Debug;
		};
		9FF21102263B5751004F8A84 /* Release */ = {
			isa = XCBuildConfiguration;
			buildSettings = {
				ALWAYS_SEARCH_USER_PATHS = NO;
				CLANG_ANALYZER_NONNULL = YES;
				CLANG_ANALYZER_NUMBER_OBJECT_CONVERSION = YES_AGGRESSIVE;
				CLANG_CXX_LANGUAGE_STANDARD = "gnu++14";
				CLANG_CXX_LIBRARY = "libc++";
				CLANG_ENABLE_MODULES = YES;
				CLANG_ENABLE_OBJC_ARC = YES;
				CLANG_ENABLE_OBJC_WEAK = YES;
				CLANG_WARN_BLOCK_CAPTURE_AUTORELEASING = YES;
				CLANG_WARN_BOOL_CONVERSION = YES;
				CLANG_WARN_COMMA = YES;
				CLANG_WARN_CONSTANT_CONVERSION = YES;
				CLANG_WARN_DEPRECATED_OBJC_IMPLEMENTATIONS = YES;
				CLANG_WARN_DIRECT_OBJC_ISA_USAGE = YES_ERROR;
				CLANG_WARN_DOCUMENTATION_COMMENTS = YES;
				CLANG_WARN_EMPTY_BODY = YES;
				CLANG_WARN_ENUM_CONVERSION = YES;
				CLANG_WARN_INFINITE_RECURSION = YES;
				CLANG_WARN_INT_CONVERSION = YES;
				CLANG_WARN_NON_LITERAL_NULL_CONVERSION = YES;
				CLANG_WARN_OBJC_IMPLICIT_RETAIN_SELF = YES;
				CLANG_WARN_OBJC_LITERAL_CONVERSION = YES;
				CLANG_WARN_OBJC_ROOT_CLASS = YES_ERROR;
				CLANG_WARN_QUOTED_INCLUDE_IN_FRAMEWORK_HEADER = YES;
				CLANG_WARN_RANGE_LOOP_ANALYSIS = YES;
				CLANG_WARN_STRICT_PROTOTYPES = YES;
				CLANG_WARN_SUSPICIOUS_MOVE = YES;
				CLANG_WARN_UNGUARDED_AVAILABILITY = YES_AGGRESSIVE;
				CLANG_WARN_UNREACHABLE_CODE = YES;
				CLANG_WARN__DUPLICATE_METHOD_MATCH = YES;
				COPY_PHASE_STRIP = NO;
				DEBUG_INFORMATION_FORMAT = "dwarf-with-dsym";
				ENABLE_NS_ASSERTIONS = NO;
				ENABLE_STRICT_OBJC_MSGSEND = YES;
				GCC_C_LANGUAGE_STANDARD = gnu11;
				GCC_NO_COMMON_BLOCKS = YES;
				GCC_WARN_64_TO_32_BIT_CONVERSION = YES;
				GCC_WARN_ABOUT_RETURN_TYPE = YES_ERROR;
				GCC_WARN_UNDECLARED_SELECTOR = YES;
				GCC_WARN_UNINITIALIZED_AUTOS = YES_AGGRESSIVE;
				GCC_WARN_UNUSED_FUNCTION = YES;
				GCC_WARN_UNUSED_VARIABLE = YES;
				IPHONEOS_DEPLOYMENT_TARGET = 14.5;
				MTL_ENABLE_DEBUG_INFO = NO;
				MTL_FAST_MATH = YES;
				SDKROOT = iphoneos;
				SWIFT_COMPILATION_MODE = wholemodule;
				SWIFT_OPTIMIZATION_LEVEL = "-O";
				VALIDATE_PRODUCT = YES;
			};
			name = Release;
		};
		9FF21104263B5751004F8A84 /* Debug */ = {
			isa = XCBuildConfiguration;
			buildSettings = {
				ASSETCATALOG_COMPILER_APPICON_NAME = AppIcon;
				ASSETCATALOG_COMPILER_GLOBAL_ACCENT_COLOR_NAME = AccentColor;
				CODE_SIGN_STYLE = Automatic;
				DEVELOPMENT_ASSET_PATHS = "\"DeviceKit-Test/Preview Content\"";
				DEVELOPMENT_TEAM = D2M635QX4Y;
				ENABLE_PREVIEWS = YES;
				INFOPLIST_FILE = "DeviceKit-Test/Info.plist";
				IPHONEOS_DEPLOYMENT_TARGET = 14.0;
				LD_RUNPATH_SEARCH_PATHS = (
					"$(inherited)",
					"@executable_path/Frameworks",
				);
				PRODUCT_BUNDLE_IDENTIFIER = "com.nepraunig.DeviceKit-Test";
				PRODUCT_NAME = "$(TARGET_NAME)";
				SWIFT_VERSION = 5.0;
				TARGETED_DEVICE_FAMILY = "1,2";
			};
			name = Debug;
		};
		9FF21105263B5751004F8A84 /* Release */ = {
			isa = XCBuildConfiguration;
			buildSettings = {
				ASSETCATALOG_COMPILER_APPICON_NAME = AppIcon;
				ASSETCATALOG_COMPILER_GLOBAL_ACCENT_COLOR_NAME = AccentColor;
				CODE_SIGN_STYLE = Automatic;
				DEVELOPMENT_ASSET_PATHS = "\"DeviceKit-Test/Preview Content\"";
				DEVELOPMENT_TEAM = D2M635QX4Y;
				ENABLE_PREVIEWS = YES;
				INFOPLIST_FILE = "DeviceKit-Test/Info.plist";
				IPHONEOS_DEPLOYMENT_TARGET = 14.0;
				LD_RUNPATH_SEARCH_PATHS = (
					"$(inherited)",
					"@executable_path/Frameworks",
				);
				PRODUCT_BUNDLE_IDENTIFIER = "com.nepraunig.DeviceKit-Test";
				PRODUCT_NAME = "$(TARGET_NAME)";
				SWIFT_VERSION = 5.0;
				TARGETED_DEVICE_FAMILY = "1,2";
			};
			name = Release;
		};
		9FF21107263B5751004F8A84 /* Debug */ = {
			isa = XCBuildConfiguration;
			buildSettings = {
				ALWAYS_EMBED_SWIFT_STANDARD_LIBRARIES = YES;
				BUNDLE_LOADER = "$(TEST_HOST)";
				CODE_SIGN_STYLE = Automatic;
				DEVELOPMENT_TEAM = D2M635QX4Y;
				INFOPLIST_FILE = "DeviceKit-TestTests/Info.plist";
				IPHONEOS_DEPLOYMENT_TARGET = 14.0;
				LD_RUNPATH_SEARCH_PATHS = (
					"$(inherited)",
					"@executable_path/Frameworks",
					"@loader_path/Frameworks",
				);
				PRODUCT_BUNDLE_IDENTIFIER = "com.nepraunig.DeviceKit-TestTests";
				PRODUCT_NAME = "$(TARGET_NAME)";
				SWIFT_VERSION = 5.0;
				TARGETED_DEVICE_FAMILY = "1,2";
				TEST_HOST = "$(BUILT_PRODUCTS_DIR)/DeviceKit-Test.app/DeviceKit-Test";
			};
			name = Debug;
		};
		9FF21108263B5751004F8A84 /* Release */ = {
			isa = XCBuildConfiguration;
			buildSettings = {
				ALWAYS_EMBED_SWIFT_STANDARD_LIBRARIES = YES;
				BUNDLE_LOADER = "$(TEST_HOST)";
				CODE_SIGN_STYLE = Automatic;
				DEVELOPMENT_TEAM = D2M635QX4Y;
				INFOPLIST_FILE = "DeviceKit-TestTests/Info.plist";
				IPHONEOS_DEPLOYMENT_TARGET = 14.0;
				LD_RUNPATH_SEARCH_PATHS = (
					"$(inherited)",
					"@executable_path/Frameworks",
					"@loader_path/Frameworks",
				);
				PRODUCT_BUNDLE_IDENTIFIER = "com.nepraunig.DeviceKit-TestTests";
				PRODUCT_NAME = "$(TARGET_NAME)";
				SWIFT_VERSION = 5.0;
				TARGETED_DEVICE_FAMILY = "1,2";
				TEST_HOST = "$(BUILT_PRODUCTS_DIR)/DeviceKit-Test.app/DeviceKit-Test";
			};
			name = Release;
		};
		9FF2110A263B5751004F8A84 /* Debug */ = {
			isa = XCBuildConfiguration;
			buildSettings = {
				ALWAYS_EMBED_SWIFT_STANDARD_LIBRARIES = YES;
				CODE_SIGN_STYLE = Automatic;
				DEVELOPMENT_TEAM = D2M635QX4Y;
				INFOPLIST_FILE = "DeviceKit-TestUITests/Info.plist";
				LD_RUNPATH_SEARCH_PATHS = (
					"$(inherited)",
					"@executable_path/Frameworks",
					"@loader_path/Frameworks",
				);
				PRODUCT_BUNDLE_IDENTIFIER = "com.nepraunig.DeviceKit-TestUITests";
				PRODUCT_NAME = "$(TARGET_NAME)";
				SWIFT_VERSION = 5.0;
				TARGETED_DEVICE_FAMILY = "1,2";
				TEST_TARGET_NAME = "DeviceKit-Test";
			};
			name = Debug;
		};
		9FF2110B263B5751004F8A84 /* Release */ = {
			isa = XCBuildConfiguration;
			buildSettings = {
				ALWAYS_EMBED_SWIFT_STANDARD_LIBRARIES = YES;
				CODE_SIGN_STYLE = Automatic;
				DEVELOPMENT_TEAM = D2M635QX4Y;
				INFOPLIST_FILE = "DeviceKit-TestUITests/Info.plist";
				LD_RUNPATH_SEARCH_PATHS = (
					"$(inherited)",
					"@executable_path/Frameworks",
					"@loader_path/Frameworks",
				);
				PRODUCT_BUNDLE_IDENTIFIER = "com.nepraunig.DeviceKit-TestUITests";
				PRODUCT_NAME = "$(TARGET_NAME)";
				SWIFT_VERSION = 5.0;
				TARGETED_DEVICE_FAMILY = "1,2";
				TEST_TARGET_NAME = "DeviceKit-Test";
			};
			name = Release;
		};
/* End XCBuildConfiguration section */

/* Begin XCConfigurationList section */
		9FF210D9263B5750004F8A84 /* Build configuration list for PBXProject "DeviceKit-Test" */ = {
			isa = XCConfigurationList;
			buildConfigurations = (
				9FF21101263B5751004F8A84 /* Debug */,
				9FF21102263B5751004F8A84 /* Release */,
			);
			defaultConfigurationIsVisible = 0;
			defaultConfigurationName = Release;
		};
		9FF21103263B5751004F8A84 /* Build configuration list for PBXNativeTarget "DeviceKit-Test" */ = {
			isa = XCConfigurationList;
			buildConfigurations = (
				9FF21104263B5751004F8A84 /* Debug */,
				9FF21105263B5751004F8A84 /* Release */,
			);
			defaultConfigurationIsVisible = 0;
			defaultConfigurationName = Release;
		};
		9FF21106263B5751004F8A84 /* Build configuration list for PBXNativeTarget "DeviceKit-TestTests" */ = {
			isa = XCConfigurationList;
			buildConfigurations = (
				9FF21107263B5751004F8A84 /* Debug */,
				9FF21108263B5751004F8A84 /* Release */,
			);
			defaultConfigurationIsVisible = 0;
			defaultConfigurationName = Release;
		};
		9FF21109263B5751004F8A84 /* Build configuration list for PBXNativeTarget "DeviceKit-TestUITests" */ = {
			isa = XCConfigurationList;
			buildConfigurations = (
				9FF2110A263B5751004F8A84 /* Debug */,
				9FF2110B263B5751004F8A84 /* Release */,
			);
			defaultConfigurationIsVisible = 0;
			defaultConfigurationName = Release;
		};
/* End XCConfigurationList section */

/* Begin XCRemoteSwiftPackageReference section */
		9F3B772F263B58230033D03E /* XCRemoteSwiftPackageReference "DeviceKit" */ = {
			isa = XCRemoteSwiftPackageReference;
			repositoryURL = "https://github.com/devicekit/DeviceKit";
			requirement = {
				kind = upToNextMajorVersion;
				minimumVersion = 4.4.0;
			};
		};
/* End XCRemoteSwiftPackageReference section */

/* Begin XCSwiftPackageProductDependency section */
		9F3B7730263B58230033D03E /* DeviceKit */ = {
			isa = XCSwiftPackageProductDependency;
			package = 9F3B772F263B58230033D03E /* XCRemoteSwiftPackageReference "DeviceKit" */;
			productName = DeviceKit;
		};
/* End XCSwiftPackageProductDependency section */
	};
	rootObject = 9FF210D6263B5750004F8A84 /* Project object */;
}
